// !$*UTF8*$!
{
	archiveVersion = 1;
	classes = {
	};
	objectVersion = 46;
	objects = {

/* Begin PBXBuildFile section */
		206DA0A6202191AF0082839F /* CATabBarController.m in Sources */ = {isa = PBXBuildFile; fileRef = 206DA097202191AF0082839F /* CATabBarController.m */; };
		206DA0A7202191AF0082839F /* CAmessageViewController.m in Sources */ = {isa = PBXBuildFile; fileRef = 206DA098202191AF0082839F /* CAmessageViewController.m */; };
		206DA0A8202191AF0082839F /* myDetailViewController.m in Sources */ = {isa = PBXBuildFile; fileRef = 206DA09C202191AF0082839F /* myDetailViewController.m */; };
		206DA0A9202191AF0082839F /* CAmyViewController.m in Sources */ = {isa = PBXBuildFile; fileRef = 206DA09D202191AF0082839F /* CAmyViewController.m */; };
		206DA0AA202191AF0082839F /* CAfindViewController.m in Sources */ = {isa = PBXBuildFile; fileRef = 206DA09E202191AF0082839F /* CAfindViewController.m */; };
		206DA0AB202191AF0082839F /* CADetailViewController.m in Sources */ = {isa = PBXBuildFile; fileRef = 206DA0A0202191AF0082839F /* CADetailViewController.m */; };
		206DA0AC202191AF0082839F /* CAaddressBookViewController.m in Sources */ = {isa = PBXBuildFile; fileRef = 206DA0A1202191AF0082839F /* CAaddressBookViewController.m */; };
		3A22F5B41F00B120001D4D31 /* Assets.xcassets in Resources */ = {isa = PBXBuildFile; fileRef = 3A22F5B31F00B120001D4D31 /* Assets.xcassets */; };
		3A3390AA1EF2191600764EC5 /* main.m in Sources */ = {isa = PBXBuildFile; fileRef = 3A3390A91EF2191600764EC5 /* main.m */; };
		3A3390AD1EF2191600764EC5 /* AppDelegate.m in Sources */ = {isa = PBXBuildFile; fileRef = 3A3390AC1EF2191600764EC5 /* AppDelegate.m */; };
		3A37BDAD1EF8B9330040570C /* account.m in Sources */ = {isa = PBXBuildFile; fileRef = 3A37BDAC1EF8B9330040570C /* account.m */; };
		3A37BDB11EF8C73B0040570C /* LSMyHeadCell.m in Sources */ = {isa = PBXBuildFile; fileRef = 3A37BDB01EF8C73B0040570C /* LSMyHeadCell.m */; };
		3A37BDB41EF8C7880040570C /* LSMyListCell.m in Sources */ = {isa = PBXBuildFile; fileRef = 3A37BDB31EF8C7880040570C /* LSMyListCell.m */; };
		3A37BDB81EF8E5AD0040570C /* messageFile.json in Resources */ = {isa = PBXBuildFile; fileRef = 3A37BDB71EF8E5AD0040570C /* messageFile.json */; };
		3A37BDBC1EF8E5F60040570C /* addressBookFile.json in Resources */ = {isa = PBXBuildFile; fileRef = 3A37BDB91EF8E5F60040570C /* addressBookFile.json */; };
		3A37BDBD1EF8E5F60040570C /* findFile.json in Resources */ = {isa = PBXBuildFile; fileRef = 3A37BDBA1EF8E5F60040570C /* findFile.json */; };
		3A37BDBE1EF8E5F60040570C /* myFile.json in Resources */ = {isa = PBXBuildFile; fileRef = 3A37BDBB1EF8E5F60040570C /* myFile.json */; };
		3A37BDC11EF8ED570040570C /* helper.m in Sources */ = {isa = PBXBuildFile; fileRef = 3A37BDC01EF8ED570040570C /* helper.m */; };
		3A3C975D1EFCE271003D3D4D /* LSFindSliderView.m in Sources */ = {isa = PBXBuildFile; fileRef = 3A3C975C1EFCE271003D3D4D /* LSFindSliderView.m */; };
		3A3C97601EFCE29E003D3D4D /* LSFindSelectedView.m in Sources */ = {isa = PBXBuildFile; fileRef = 3A3C975F1EFCE29E003D3D4D /* LSFindSelectedView.m */; };
		3A6D2A831EF9FB9100B77362 /* NSArray+ADNSArray.m in Sources */ = {isa = PBXBuildFile; fileRef = 3A6D2A821EF9FB9100B77362 /* NSArray+ADNSArray.m */; };
		3A6E5F9E1EFB5E190071785B /* LSFindView.m in Sources */ = {isa = PBXBuildFile; fileRef = 3A6E5F9D1EFB5E190071785B /* LSFindView.m */; };
		3A73F7811EF27A90000FA8C8 /* LStabBarView.m in Sources */ = {isa = PBXBuildFile; fileRef = 3A73F7801EF27A90000FA8C8 /* LStabBarView.m */; };
		3A73F7841EF3A119000FA8C8 /* messageViewModel.m in Sources */ = {isa = PBXBuildFile; fileRef = 3A73F7831EF3A119000FA8C8 /* messageViewModel.m */; };
		3A73F7871EF3A138000FA8C8 /* addressBookViewModel.m in Sources */ = {isa = PBXBuildFile; fileRef = 3A73F7861EF3A138000FA8C8 /* addressBookViewModel.m */; };
		3A73F78A1EF3A145000FA8C8 /* findViewModel.m in Sources */ = {isa = PBXBuildFile; fileRef = 3A73F7891EF3A145000FA8C8 /* findViewModel.m */; };
		3A73F78D1EF3A154000FA8C8 /* myViewModel.m in Sources */ = {isa = PBXBuildFile; fileRef = 3A73F78C1EF3A154000FA8C8 /* myViewModel.m */; };
		3A73F7911EF3A1D5000FA8C8 /* LSMessageCell.m in Sources */ = {isa = PBXBuildFile; fileRef = 3A73F7901EF3A1D5000FA8C8 /* LSMessageCell.m */; };
		3A73F7941EF3A1FC000FA8C8 /* LSBaseCell.m in Sources */ = {isa = PBXBuildFile; fileRef = 3A73F7931EF3A1FC000FA8C8 /* LSBaseCell.m */; };
		3A73F7971EF3A235000FA8C8 /* LSAddressBookCell.m in Sources */ = {isa = PBXBuildFile; fileRef = 3A73F7961EF3A235000FA8C8 /* LSAddressBookCell.m */; };
		3A73F79A1EF3A246000FA8C8 /* LSFindCell.m in Sources */ = {isa = PBXBuildFile; fileRef = 3A73F7991EF3A246000FA8C8 /* LSFindCell.m */; };
		3A73F7A41EF3A48D000FA8C8 /* LSBaseTableView.m in Sources */ = {isa = PBXBuildFile; fileRef = 3A73F7A31EF3A48D000FA8C8 /* LSBaseTableView.m */; };
		3A73F7A71EF3A90E000FA8C8 /* LSMessageCellModel.m in Sources */ = {isa = PBXBuildFile; fileRef = 3A73F7A61EF3A90E000FA8C8 /* LSMessageCellModel.m */; };
		3A73F7AA1EF3A924000FA8C8 /* LSAddressBookCellModel.m in Sources */ = {isa = PBXBuildFile; fileRef = 3A73F7A91EF3A924000FA8C8 /* LSAddressBookCellModel.m */; };
		3A73F7AD1EF3A933000FA8C8 /* LSFindCellModelind.m in Sources */ = {isa = PBXBuildFile; fileRef = 3A73F7AC1EF3A933000FA8C8 /* LSFindCellModelind.m */; };
		3A73F7B01EF3A941000FA8C8 /* LSMyCellModely.m in Sources */ = {isa = PBXBuildFile; fileRef = 3A73F7AF1EF3A941000FA8C8 /* LSMyCellModely.m */; };
		3A73F7B31EF3B1DB000FA8C8 /* BaseViewModel.m in Sources */ = {isa = PBXBuildFile; fileRef = 3A73F7B21EF3B1DB000FA8C8 /* BaseViewModel.m */; };
		3A73F7B61EF3BA34000FA8C8 /* LSBaseModel.m in Sources */ = {isa = PBXBuildFile; fileRef = 3A73F7B51EF3BA34000FA8C8 /* LSBaseModel.m */; };
		A3A24F94C1E701D73BE2F142 /* Pods_myComprehensiveApplication.framework in Frameworks */ = {isa = PBXBuildFile; fileRef = 12969B415007006578BEA10E /* Pods_myComprehensiveApplication.framework */; };
/* End PBXBuildFile section */

/* Begin PBXFileReference section */
		12969B415007006578BEA10E /* Pods_myComprehensiveApplication.framework */ = {isa = PBXFileReference; explicitFileType = wrapper.framework; includeInIndex = 0; path = Pods_myComprehensiveApplication.framework; sourceTree = BUILT_PRODUCTS_DIR; };
		206DA096202191AF0082839F /* CAfindViewController.h */ = {isa = PBXFileReference; fileEncoding = 4; lastKnownFileType = sourcecode.c.h; path = CAfindViewController.h; sourceTree = "<group>"; };
		206DA097202191AF0082839F /* CATabBarController.m */ = {isa = PBXFileReference; fileEncoding = 4; lastKnownFileType = sourcecode.c.objc; path = CATabBarController.m; sourceTree = "<group>"; };
		206DA098202191AF0082839F /* CAmessageViewController.m */ = {isa = PBXFileReference; fileEncoding = 4; lastKnownFileType = sourcecode.c.objc; path = CAmessageViewController.m; sourceTree = "<group>"; };
		206DA09A202191AF0082839F /* CAmyViewController.h */ = {isa = PBXFileReference; fileEncoding = 4; lastKnownFileType = sourcecode.c.h; path = CAmyViewController.h; sourceTree = "<group>"; };
		206DA09B202191AF0082839F /* myDetailViewController.h */ = {isa = PBXFileReference; fileEncoding = 4; lastKnownFileType = sourcecode.c.h; path = myDetailViewController.h; sourceTree = "<group>"; };
		206DA09C202191AF0082839F /* myDetailViewController.m */ = {isa = PBXFileReference; fileEncoding = 4; lastKnownFileType = sourcecode.c.objc; path = myDetailViewController.m; sourceTree = "<group>"; };
		206DA09D202191AF0082839F /* CAmyViewController.m */ = {isa = PBXFileReference; fileEncoding = 4; lastKnownFileType = sourcecode.c.objc; path = CAmyViewController.m; sourceTree = "<group>"; };
		206DA09E202191AF0082839F /* CAfindViewController.m */ = {isa = PBXFileReference; fileEncoding = 4; lastKnownFileType = sourcecode.c.objc; path = CAfindViewController.m; sourceTree = "<group>"; };
		206DA0A0202191AF0082839F /* CADetailViewController.m */ = {isa = PBXFileReference; fileEncoding = 4; lastKnownFileType = sourcecode.c.objc; path = CADetailViewController.m; sourceTree = "<group>"; };
		206DA0A1202191AF0082839F /* CAaddressBookViewController.m */ = {isa = PBXFileReference; fileEncoding = 4; lastKnownFileType = sourcecode.c.objc; path = CAaddressBookViewController.m; sourceTree = "<group>"; };
		206DA0A2202191AF0082839F /* CADetailViewController.h */ = {isa = PBXFileReference; fileEncoding = 4; lastKnownFileType = sourcecode.c.h; path = CADetailViewController.h; sourceTree = "<group>"; };
		206DA0A3202191AF0082839F /* CAaddressBookViewController.h */ = {isa = PBXFileReference; fileEncoding = 4; lastKnownFileType = sourcecode.c.h; path = CAaddressBookViewController.h; sourceTree = "<group>"; };
		206DA0A4202191AF0082839F /* CATabBarController.h */ = {isa = PBXFileReference; fileEncoding = 4; lastKnownFileType = sourcecode.c.h; path = CATabBarController.h; sourceTree = "<group>"; };
		206DA0A5202191AF0082839F /* CAmessageViewController.h */ = {isa = PBXFileReference; fileEncoding = 4; lastKnownFileType = sourcecode.c.h; path = CAmessageViewController.h; sourceTree = "<group>"; };
		33F2BD11288DA38846465145 /* Pods-myComprehensiveApplication.release.xcconfig */ = {isa = PBXFileReference; includeInIndex = 1; lastKnownFileType = text.xcconfig; name = "Pods-myComprehensiveApplication.release.xcconfig"; path = "Pods/Target Support Files/Pods-myComprehensiveApplication/Pods-myComprehensiveApplication.release.xcconfig"; sourceTree = "<group>"; };
		3A22F5B31F00B120001D4D31 /* Assets.xcassets */ = {isa = PBXFileReference; lastKnownFileType = folder.assetcatalog; path = Assets.xcassets; sourceTree = "<group>"; };
		3A22F5B51F00D0CB001D4D31 /* MAPath.h */ = {isa = PBXFileReference; lastKnownFileType = sourcecode.c.h; path = MAPath.h; sourceTree = "<group>"; };
		3A3390A51EF2191600764EC5 /* myComprehensiveApplication.app */ = {isa = PBXFileReference; explicitFileType = wrapper.application; includeInIndex = 0; path = myComprehensiveApplication.app; sourceTree = BUILT_PRODUCTS_DIR; };
		3A3390A91EF2191600764EC5 /* main.m */ = {isa = PBXFileReference; lastKnownFileType = sourcecode.c.objc; path = main.m; sourceTree = "<group>"; };
		3A3390AB1EF2191600764EC5 /* AppDelegate.h */ = {isa = PBXFileReference; lastKnownFileType = sourcecode.c.h; path = AppDelegate.h; sourceTree = "<group>"; };
		3A3390AC1EF2191600764EC5 /* AppDelegate.m */ = {isa = PBXFileReference; lastKnownFileType = sourcecode.c.objc; path = AppDelegate.m; sourceTree = "<group>"; };
		3A3390B91EF2191600764EC5 /* Info.plist */ = {isa = PBXFileReference; lastKnownFileType = text.plist.xml; path = Info.plist; sourceTree = "<group>"; };
		3A3390BF1EF21A4300764EC5 /* PrefixHeader.pch */ = {isa = PBXFileReference; lastKnownFileType = sourcecode.c.h; path = PrefixHeader.pch; sourceTree = "<group>"; };
		3A37BDAB1EF8B9330040570C /* account.h */ = {isa = PBXFileReference; fileEncoding = 4; lastKnownFileType = sourcecode.c.h; path = account.h; sourceTree = "<group>"; };
		3A37BDAC1EF8B9330040570C /* account.m */ = {isa = PBXFileReference; fileEncoding = 4; lastKnownFileType = sourcecode.c.objc; path = account.m; sourceTree = "<group>"; };
		3A37BDAF1EF8C73B0040570C /* LSMyHeadCell.h */ = {isa = PBXFileReference; fileEncoding = 4; lastKnownFileType = sourcecode.c.h; path = LSMyHeadCell.h; sourceTree = "<group>"; };
		3A37BDB01EF8C73B0040570C /* LSMyHeadCell.m */ = {isa = PBXFileReference; fileEncoding = 4; lastKnownFileType = sourcecode.c.objc; path = LSMyHeadCell.m; sourceTree = "<group>"; };
		3A37BDB21EF8C7880040570C /* LSMyListCell.h */ = {isa = PBXFileReference; fileEncoding = 4; lastKnownFileType = sourcecode.c.h; path = LSMyListCell.h; sourceTree = "<group>"; };
		3A37BDB31EF8C7880040570C /* LSMyListCell.m */ = {isa = PBXFileReference; fileEncoding = 4; lastKnownFileType = sourcecode.c.objc; path = LSMyListCell.m; sourceTree = "<group>"; };
		3A37BDB71EF8E5AD0040570C /* messageFile.json */ = {isa = PBXFileReference; fileEncoding = 4; lastKnownFileType = text.json; path = messageFile.json; sourceTree = "<group>"; };
		3A37BDB91EF8E5F60040570C /* addressBookFile.json */ = {isa = PBXFileReference; fileEncoding = 4; lastKnownFileType = text.json; path = addressBookFile.json; sourceTree = "<group>"; };
		3A37BDBA1EF8E5F60040570C /* findFile.json */ = {isa = PBXFileReference; fileEncoding = 4; lastKnownFileType = text.json; path = findFile.json; sourceTree = "<group>"; };
		3A37BDBB1EF8E5F60040570C /* myFile.json */ = {isa = PBXFileReference; fileEncoding = 4; lastKnownFileType = text.json; path = myFile.json; sourceTree = "<group>"; };
		3A37BDBF1EF8ED570040570C /* helper.h */ = {isa = PBXFileReference; fileEncoding = 4; lastKnownFileType = sourcecode.c.h; path = helper.h; sourceTree = "<group>"; };
		3A37BDC01EF8ED570040570C /* helper.m */ = {isa = PBXFileReference; fileEncoding = 4; lastKnownFileType = sourcecode.c.objc; path = helper.m; sourceTree = "<group>"; };
		3A3C975B1EFCE271003D3D4D /* LSFindSliderView.h */ = {isa = PBXFileReference; fileEncoding = 4; lastKnownFileType = sourcecode.c.h; path = LSFindSliderView.h; sourceTree = "<group>"; };
		3A3C975C1EFCE271003D3D4D /* LSFindSliderView.m */ = {isa = PBXFileReference; fileEncoding = 4; lastKnownFileType = sourcecode.c.objc; path = LSFindSliderView.m; sourceTree = "<group>"; };
		3A3C975E1EFCE29E003D3D4D /* LSFindSelectedView.h */ = {isa = PBXFileReference; fileEncoding = 4; lastKnownFileType = sourcecode.c.h; path = LSFindSelectedView.h; sourceTree = "<group>"; };
		3A3C975F1EFCE29E003D3D4D /* LSFindSelectedView.m */ = {isa = PBXFileReference; fileEncoding = 4; lastKnownFileType = sourcecode.c.objc; path = LSFindSelectedView.m; sourceTree = "<group>"; };
		3A6D2A811EF9FB9100B77362 /* NSArray+ADNSArray.h */ = {isa = PBXFileReference; fileEncoding = 4; lastKnownFileType = sourcecode.c.h; path = "NSArray+ADNSArray.h"; sourceTree = "<group>"; };
		3A6D2A821EF9FB9100B77362 /* NSArray+ADNSArray.m */ = {isa = PBXFileReference; fileEncoding = 4; lastKnownFileType = sourcecode.c.objc; path = "NSArray+ADNSArray.m"; sourceTree = "<group>"; };
		3A6E5F9C1EFB5E190071785B /* LSFindView.h */ = {isa = PBXFileReference; fileEncoding = 4; lastKnownFileType = sourcecode.c.h; path = LSFindView.h; sourceTree = "<group>"; };
		3A6E5F9D1EFB5E190071785B /* LSFindView.m */ = {isa = PBXFileReference; fileEncoding = 4; lastKnownFileType = sourcecode.c.objc; path = LSFindView.m; sourceTree = "<group>"; };
		3A73F77E1EF2277F000FA8C8 /* MAEnum.h */ = {isa = PBXFileReference; lastKnownFileType = sourcecode.c.h; path = MAEnum.h; sourceTree = "<group>"; };
		3A73F77F1EF27A90000FA8C8 /* LStabBarView.h */ = {isa = PBXFileReference; fileEncoding = 4; lastKnownFileType = sourcecode.c.h; path = LStabBarView.h; sourceTree = "<group>"; };
		3A73F7801EF27A90000FA8C8 /* LStabBarView.m */ = {isa = PBXFileReference; fileEncoding = 4; lastKnownFileType = sourcecode.c.objc; path = LStabBarView.m; sourceTree = "<group>"; };
		3A73F7821EF3A119000FA8C8 /* messageViewModel.h */ = {isa = PBXFileReference; fileEncoding = 4; lastKnownFileType = sourcecode.c.h; path = messageViewModel.h; sourceTree = "<group>"; };
		3A73F7831EF3A119000FA8C8 /* messageViewModel.m */ = {isa = PBXFileReference; fileEncoding = 4; lastKnownFileType = sourcecode.c.objc; path = messageViewModel.m; sourceTree = "<group>"; };
		3A73F7851EF3A138000FA8C8 /* addressBookViewModel.h */ = {isa = PBXFileReference; fileEncoding = 4; lastKnownFileType = sourcecode.c.h; path = addressBookViewModel.h; sourceTree = "<group>"; };
		3A73F7861EF3A138000FA8C8 /* addressBookViewModel.m */ = {isa = PBXFileReference; fileEncoding = 4; lastKnownFileType = sourcecode.c.objc; path = addressBookViewModel.m; sourceTree = "<group>"; };
		3A73F7881EF3A145000FA8C8 /* findViewModel.h */ = {isa = PBXFileReference; fileEncoding = 4; lastKnownFileType = sourcecode.c.h; path = findViewModel.h; sourceTree = "<group>"; };
		3A73F7891EF3A145000FA8C8 /* findViewModel.m */ = {isa = PBXFileReference; fileEncoding = 4; lastKnownFileType = sourcecode.c.objc; path = findViewModel.m; sourceTree = "<group>"; };
		3A73F78B1EF3A154000FA8C8 /* myViewModel.h */ = {isa = PBXFileReference; fileEncoding = 4; lastKnownFileType = sourcecode.c.h; path = myViewModel.h; sourceTree = "<group>"; };
		3A73F78C1EF3A154000FA8C8 /* myViewModel.m */ = {isa = PBXFileReference; fileEncoding = 4; lastKnownFileType = sourcecode.c.objc; path = myViewModel.m; sourceTree = "<group>"; };
		3A73F78F1EF3A1D5000FA8C8 /* LSMessageCell.h */ = {isa = PBXFileReference; fileEncoding = 4; lastKnownFileType = sourcecode.c.h; path = LSMessageCell.h; sourceTree = "<group>"; };
		3A73F7901EF3A1D5000FA8C8 /* LSMessageCell.m */ = {isa = PBXFileReference; fileEncoding = 4; lastKnownFileType = sourcecode.c.objc; path = LSMessageCell.m; sourceTree = "<group>"; };
		3A73F7921EF3A1FC000FA8C8 /* LSBaseCell.h */ = {isa = PBXFileReference; fileEncoding = 4; lastKnownFileType = sourcecode.c.h; path = LSBaseCell.h; sourceTree = "<group>"; };
		3A73F7931EF3A1FC000FA8C8 /* LSBaseCell.m */ = {isa = PBXFileReference; fileEncoding = 4; lastKnownFileType = sourcecode.c.objc; path = LSBaseCell.m; sourceTree = "<group>"; };
		3A73F7951EF3A235000FA8C8 /* LSAddressBookCell.h */ = {isa = PBXFileReference; fileEncoding = 4; lastKnownFileType = sourcecode.c.h; path = LSAddressBookCell.h; sourceTree = "<group>"; };
		3A73F7961EF3A235000FA8C8 /* LSAddressBookCell.m */ = {isa = PBXFileReference; fileEncoding = 4; lastKnownFileType = sourcecode.c.objc; path = LSAddressBookCell.m; sourceTree = "<group>"; };
		3A73F7981EF3A246000FA8C8 /* LSFindCell.h */ = {isa = PBXFileReference; fileEncoding = 4; lastKnownFileType = sourcecode.c.h; path = LSFindCell.h; sourceTree = "<group>"; };
		3A73F7991EF3A246000FA8C8 /* LSFindCell.m */ = {isa = PBXFileReference; fileEncoding = 4; lastKnownFileType = sourcecode.c.objc; path = LSFindCell.m; sourceTree = "<group>"; };
		3A73F7A21EF3A48D000FA8C8 /* LSBaseTableView.h */ = {isa = PBXFileReference; fileEncoding = 4; lastKnownFileType = sourcecode.c.h; path = LSBaseTableView.h; sourceTree = "<group>"; };
		3A73F7A31EF3A48D000FA8C8 /* LSBaseTableView.m */ = {isa = PBXFileReference; fileEncoding = 4; lastKnownFileType = sourcecode.c.objc; path = LSBaseTableView.m; sourceTree = "<group>"; };
		3A73F7A51EF3A90E000FA8C8 /* LSMessageCellModel.h */ = {isa = PBXFileReference; fileEncoding = 4; lastKnownFileType = sourcecode.c.h; path = LSMessageCellModel.h; sourceTree = "<group>"; };
		3A73F7A61EF3A90E000FA8C8 /* LSMessageCellModel.m */ = {isa = PBXFileReference; fileEncoding = 4; lastKnownFileType = sourcecode.c.objc; path = LSMessageCellModel.m; sourceTree = "<group>"; };
		3A73F7A81EF3A924000FA8C8 /* LSAddressBookCellModel.h */ = {isa = PBXFileReference; fileEncoding = 4; lastKnownFileType = sourcecode.c.h; path = LSAddressBookCellModel.h; sourceTree = "<group>"; };
		3A73F7A91EF3A924000FA8C8 /* LSAddressBookCellModel.m */ = {isa = PBXFileReference; fileEncoding = 4; lastKnownFileType = sourcecode.c.objc; path = LSAddressBookCellModel.m; sourceTree = "<group>"; };
		3A73F7AB1EF3A933000FA8C8 /* LSFindCellModelind.h */ = {isa = PBXFileReference; fileEncoding = 4; lastKnownFileType = sourcecode.c.h; path = LSFindCellModelind.h; sourceTree = "<group>"; };
		3A73F7AC1EF3A933000FA8C8 /* LSFindCellModelind.m */ = {isa = PBXFileReference; fileEncoding = 4; lastKnownFileType = sourcecode.c.objc; path = LSFindCellModelind.m; sourceTree = "<group>"; };
		3A73F7AE1EF3A941000FA8C8 /* LSMyCellModely.h */ = {isa = PBXFileReference; fileEncoding = 4; lastKnownFileType = sourcecode.c.h; path = LSMyCellModely.h; sourceTree = "<group>"; };
		3A73F7AF1EF3A941000FA8C8 /* LSMyCellModely.m */ = {isa = PBXFileReference; fileEncoding = 4; lastKnownFileType = sourcecode.c.objc; path = LSMyCellModely.m; sourceTree = "<group>"; };
		3A73F7B11EF3B1DB000FA8C8 /* BaseViewModel.h */ = {isa = PBXFileReference; fileEncoding = 4; lastKnownFileType = sourcecode.c.h; path = BaseViewModel.h; sourceTree = "<group>"; };
		3A73F7B21EF3B1DB000FA8C8 /* BaseViewModel.m */ = {isa = PBXFileReference; fileEncoding = 4; lastKnownFileType = sourcecode.c.objc; path = BaseViewModel.m; sourceTree = "<group>"; };
		3A73F7B41EF3BA34000FA8C8 /* LSBaseModel.h */ = {isa = PBXFileReference; fileEncoding = 4; lastKnownFileType = sourcecode.c.h; path = LSBaseModel.h; sourceTree = "<group>"; };
		3A73F7B51EF3BA34000FA8C8 /* LSBaseModel.m */ = {isa = PBXFileReference; fileEncoding = 4; lastKnownFileType = sourcecode.c.objc; path = LSBaseModel.m; sourceTree = "<group>"; };
		8B938AC3AC60A0C8536A8F28 /* Pods-myComprehensiveApplication.debug.xcconfig */ = {isa = PBXFileReference; includeInIndex = 1; lastKnownFileType = text.xcconfig; name = "Pods-myComprehensiveApplication.debug.xcconfig"; path = "Pods/Target Support Files/Pods-myComprehensiveApplication/Pods-myComprehensiveApplication.debug.xcconfig"; sourceTree = "<group>"; };
/* End PBXFileReference section */

/* Begin PBXFrameworksBuildPhase section */
		3A3390A21EF2191600764EC5 /* Frameworks */ = {
			isa = PBXFrameworksBuildPhase;
			buildActionMask = 2147483647;
			files = (
				A3A24F94C1E701D73BE2F142 /* Pods_myComprehensiveApplication.framework in Frameworks */,
			);
			runOnlyForDeploymentPostprocessing = 0;
		};
/* End PBXFrameworksBuildPhase section */

/* Begin PBXGroup section */
		18AFDAA9534BF3F453AE7C6F /* Pods */ = {
			isa = PBXGroup;
			children = (
				8B938AC3AC60A0C8536A8F28 /* Pods-myComprehensiveApplication.debug.xcconfig */,
				33F2BD11288DA38846465145 /* Pods-myComprehensiveApplication.release.xcconfig */,
			);
			name = Pods;
			sourceTree = "<group>";
		};
		206DA095202191AF0082839F /* Controllers */ = {
			isa = PBXGroup;
			children = (
				206DA096202191AF0082839F /* CAfindViewController.h */,
				206DA097202191AF0082839F /* CATabBarController.m */,
				206DA098202191AF0082839F /* CAmessageViewController.m */,
				206DA099202191AF0082839F /* my */,
				206DA09E202191AF0082839F /* CAfindViewController.m */,
				206DA09F202191AF0082839F /* addressBook */,
				206DA0A4202191AF0082839F /* CATabBarController.h */,
				206DA0A5202191AF0082839F /* CAmessageViewController.h */,
			);
			path = Controllers;
			sourceTree = "<group>";
		};
		206DA099202191AF0082839F /* my */ = {
			isa = PBXGroup;
			children = (
				206DA09A202191AF0082839F /* CAmyViewController.h */,
				206DA09B202191AF0082839F /* myDetailViewController.h */,
				206DA09C202191AF0082839F /* myDetailViewController.m */,
				206DA09D202191AF0082839F /* CAmyViewController.m */,
			);
			path = my;
			sourceTree = "<group>";
		};
		206DA09F202191AF0082839F /* addressBook */ = {
			isa = PBXGroup;
			children = (
				206DA0A0202191AF0082839F /* CADetailViewController.m */,
				206DA0A1202191AF0082839F /* CAaddressBookViewController.m */,
				206DA0A2202191AF0082839F /* CADetailViewController.h */,
				206DA0A3202191AF0082839F /* CAaddressBookViewController.h */,
			);
			path = addressBook;
			sourceTree = "<group>";
		};
		3A33909C1EF2191600764EC5 = {
			isa = PBXGroup;
			children = (
				3A3390A71EF2191600764EC5 /* myComprehensiveApplication */,
				3A3390A61EF2191600764EC5 /* Products */,
				18AFDAA9534BF3F453AE7C6F /* Pods */,
				4CBC2128C1DAA041B2C6C880 /* Frameworks */,
			);
			sourceTree = "<group>";
		};
		3A3390A61EF2191600764EC5 /* Products */ = {
			isa = PBXGroup;
			children = (
				3A3390A51EF2191600764EC5 /* myComprehensiveApplication.app */,
			);
			name = Products;
			sourceTree = "<group>";
		};
		3A3390A71EF2191600764EC5 /* myComprehensiveApplication */ = {
			isa = PBXGroup;
			children = (
				3A22F5B31F00B120001D4D31 /* Assets.xcassets */,
				3A3390AB1EF2191600764EC5 /* AppDelegate.h */,
				3A3390AC1EF2191600764EC5 /* AppDelegate.m */,
				3A3390C01EF21A5400764EC5 /* General */,
				3A3390A81EF2191600764EC5 /* Supporting Files */,
			);
			path = myComprehensiveApplication;
			sourceTree = "<group>";
		};
		3A3390A81EF2191600764EC5 /* Supporting Files */ = {
			isa = PBXGroup;
			children = (
				3A37BDB61EF8E5AD0040570C /* files */,
				3A3390A91EF2191600764EC5 /* main.m */,
				3A3390B91EF2191600764EC5 /* Info.plist */,
				3A3390BF1EF21A4300764EC5 /* PrefixHeader.pch */,
			);
			name = "Supporting Files";
			sourceTree = "<group>";
		};
		3A3390C01EF21A5400764EC5 /* General */ = {
			isa = PBXGroup;
			children = (
				3A73F77C1EF2271F000FA8C8 /* Helper */,
				3A73F77D1EF2271F000FA8C8 /* Macro */,
				3A6D2A801EF9FB1D00B77362 /* Additionals */,
				206DA095202191AF0082839F /* Controllers */,
				3A3390C41EF21A5400764EC5 /* Model */,
				3A3390C51EF21A5400764EC5 /* ViewModel */,
				3A3390C61EF21A5400764EC5 /* Views */,
			);
			path = General;
			sourceTree = "<group>";
		};
		3A3390C41EF21A5400764EC5 /* Model */ = {
			isa = PBXGroup;
			children = (
				3A73F7B41EF3BA34000FA8C8 /* LSBaseModel.h */,
				3A73F7B51EF3BA34000FA8C8 /* LSBaseModel.m */,
				3A73F7A51EF3A90E000FA8C8 /* LSMessageCellModel.h */,
				3A73F7A61EF3A90E000FA8C8 /* LSMessageCellModel.m */,
				3A73F7A81EF3A924000FA8C8 /* LSAddressBookCellModel.h */,
				3A73F7A91EF3A924000FA8C8 /* LSAddressBookCellModel.m */,
				3A73F7AB1EF3A933000FA8C8 /* LSFindCellModelind.h */,
				3A73F7AC1EF3A933000FA8C8 /* LSFindCellModelind.m */,
				3A73F7AE1EF3A941000FA8C8 /* LSMyCellModely.h */,
				3A73F7AF1EF3A941000FA8C8 /* LSMyCellModely.m */,
			);
			path = Model;
			sourceTree = "<group>";
		};
		3A3390C51EF21A5400764EC5 /* ViewModel */ = {
			isa = PBXGroup;
			children = (
				3A73F7B11EF3B1DB000FA8C8 /* BaseViewModel.h */,
				3A73F7B21EF3B1DB000FA8C8 /* BaseViewModel.m */,
				3A73F7821EF3A119000FA8C8 /* messageViewModel.h */,
				3A73F7831EF3A119000FA8C8 /* messageViewModel.m */,
				3A73F7851EF3A138000FA8C8 /* addressBookViewModel.h */,
				3A73F7861EF3A138000FA8C8 /* addressBookViewModel.m */,
				3A73F7881EF3A145000FA8C8 /* findViewModel.h */,
				3A73F7891EF3A145000FA8C8 /* findViewModel.m */,
				3A73F78B1EF3A154000FA8C8 /* myViewModel.h */,
				3A73F78C1EF3A154000FA8C8 /* myViewModel.m */,
			);
			path = ViewModel;
			sourceTree = "<group>";
		};
		3A3390C61EF21A5400764EC5 /* Views */ = {
			isa = PBXGroup;
			children = (
				3A73F77F1EF27A90000FA8C8 /* LStabBarView.h */,
				3A73F7801EF27A90000FA8C8 /* LStabBarView.m */,
				3A6E5F9B1EFB5E000071785B /* LSFindViews */,
				3A73F7A11EF3A48D000FA8C8 /* LSTableView */,
				3A73F78E1EF3A1A2000FA8C8 /* LSCells */,
			);
			path = Views;
			sourceTree = "<group>";
		};
		3A37BDAE1EF8C73B0040570C /* MyCells */ = {
			isa = PBXGroup;
			children = (
				3A37BDAF1EF8C73B0040570C /* LSMyHeadCell.h */,
				3A37BDB01EF8C73B0040570C /* LSMyHeadCell.m */,
				3A37BDB21EF8C7880040570C /* LSMyListCell.h */,
				3A37BDB31EF8C7880040570C /* LSMyListCell.m */,
			);
			path = MyCells;
			sourceTree = "<group>";
		};
		3A37BDB61EF8E5AD0040570C /* files */ = {
			isa = PBXGroup;
			children = (
				3A37BDB91EF8E5F60040570C /* addressBookFile.json */,
				3A37BDBA1EF8E5F60040570C /* findFile.json */,
				3A37BDBB1EF8E5F60040570C /* myFile.json */,
				3A37BDB71EF8E5AD0040570C /* messageFile.json */,
			);
			path = files;
			sourceTree = "<group>";
		};
		3A6D2A801EF9FB1D00B77362 /* Additionals */ = {
			isa = PBXGroup;
			children = (
				3A6D2A811EF9FB9100B77362 /* NSArray+ADNSArray.h */,
				3A6D2A821EF9FB9100B77362 /* NSArray+ADNSArray.m */,
			);
			path = Additionals;
			sourceTree = "<group>";
		};
		3A6E5F9B1EFB5E000071785B /* LSFindViews */ = {
			isa = PBXGroup;
			children = (
				3A6E5F9C1EFB5E190071785B /* LSFindView.h */,
				3A6E5F9D1EFB5E190071785B /* LSFindView.m */,
				3A3C975B1EFCE271003D3D4D /* LSFindSliderView.h */,
				3A3C975C1EFCE271003D3D4D /* LSFindSliderView.m */,
				3A3C975E1EFCE29E003D3D4D /* LSFindSelectedView.h */,
				3A3C975F1EFCE29E003D3D4D /* LSFindSelectedView.m */,
			);
			path = LSFindViews;
			sourceTree = "<group>";
		};
		3A73F77C1EF2271F000FA8C8 /* Helper */ = {
			isa = PBXGroup;
			children = (
				3A37BDAB1EF8B9330040570C /* account.h */,
				3A37BDAC1EF8B9330040570C /* account.m */,
				3A37BDBF1EF8ED570040570C /* helper.h */,
				3A37BDC01EF8ED570040570C /* helper.m */,
			);
			path = Helper;
			sourceTree = "<group>";
		};
		3A73F77D1EF2271F000FA8C8 /* Macro */ = {
			isa = PBXGroup;
			children = (
				3A73F77E1EF2277F000FA8C8 /* MAEnum.h */,
				3A22F5B51F00D0CB001D4D31 /* MAPath.h */,
			);
			path = Macro;
			sourceTree = "<group>";
		};
		3A73F78E1EF3A1A2000FA8C8 /* LSCells */ = {
			isa = PBXGroup;
			children = (
				3A73F7921EF3A1FC000FA8C8 /* LSBaseCell.h */,
				3A73F7931EF3A1FC000FA8C8 /* LSBaseCell.m */,
				3A73F78F1EF3A1D5000FA8C8 /* LSMessageCell.h */,
				3A73F7901EF3A1D5000FA8C8 /* LSMessageCell.m */,
				3A73F7951EF3A235000FA8C8 /* LSAddressBookCell.h */,
				3A73F7961EF3A235000FA8C8 /* LSAddressBookCell.m */,
				3A73F7981EF3A246000FA8C8 /* LSFindCell.h */,
				3A73F7991EF3A246000FA8C8 /* LSFindCell.m */,
				3A37BDAE1EF8C73B0040570C /* MyCells */,
			);
			path = LSCells;
			sourceTree = "<group>";
		};
		3A73F7A11EF3A48D000FA8C8 /* LSTableView */ = {
			isa = PBXGroup;
			children = (
				3A73F7A21EF3A48D000FA8C8 /* LSBaseTableView.h */,
				3A73F7A31EF3A48D000FA8C8 /* LSBaseTableView.m */,
			);
			path = LSTableView;
			sourceTree = "<group>";
		};
		4CBC2128C1DAA041B2C6C880 /* Frameworks */ = {
			isa = PBXGroup;
			children = (
				12969B415007006578BEA10E /* Pods_myComprehensiveApplication.framework */,
			);
			name = Frameworks;
			sourceTree = "<group>";
		};
/* End PBXGroup section */

/* Begin PBXNativeTarget section */
		3A3390A41EF2191600764EC5 /* myComprehensiveApplication */ = {
			isa = PBXNativeTarget;
			buildConfigurationList = 3A3390BC1EF2191600764EC5 /* Build configuration list for PBXNativeTarget "myComprehensiveApplication" */;
			buildPhases = (
				1AFC6C9327983FBE9717CAAA /* [CP] Check Pods Manifest.lock */,
				3A3390A11EF2191600764EC5 /* Sources */,
				3A3390A21EF2191600764EC5 /* Frameworks */,
				3A3390A31EF2191600764EC5 /* Resources */,
				DF6EFE89E96B4D35445CD972 /* [CP] Embed Pods Frameworks */,
				6FBEBA6E8565F72853D9360D /* [CP] Copy Pods Resources */,
			);
			buildRules = (
			);
			dependencies = (
			);
			name = myComprehensiveApplication;
			productName = myComprehensiveApplication;
			productReference = 3A3390A51EF2191600764EC5 /* myComprehensiveApplication.app */;
			productType = "com.apple.product-type.application";
		};
/* End PBXNativeTarget section */

/* Begin PBXProject section */
		3A33909D1EF2191600764EC5 /* Project object */ = {
			isa = PBXProject;
			attributes = {
				LastUpgradeCheck = 0830;
				ORGANIZATIONNAME = "jinzhong xu";
				TargetAttributes = {
					3A3390A41EF2191600764EC5 = {
						CreatedOnToolsVersion = 8.3.3;
						DevelopmentTeam = XQMLDGQF87;
						ProvisioningStyle = Manual;
					};
				};
			};
			buildConfigurationList = 3A3390A01EF2191600764EC5 /* Build configuration list for PBXProject "myComprehensiveApplication" */;
			compatibilityVersion = "Xcode 3.2";
			developmentRegion = English;
			hasScannedForEncodings = 0;
			knownRegions = (
				en,
				Base,
			);
			mainGroup = 3A33909C1EF2191600764EC5;
			productRefGroup = 3A3390A61EF2191600764EC5 /* Products */;
			projectDirPath = "";
			projectRoot = "";
			targets = (
				3A3390A41EF2191600764EC5 /* myComprehensiveApplication */,
			);
		};
/* End PBXProject section */

/* Begin PBXResourcesBuildPhase section */
		3A3390A31EF2191600764EC5 /* Resources */ = {
			isa = PBXResourcesBuildPhase;
			buildActionMask = 2147483647;
			files = (
				3A37BDB81EF8E5AD0040570C /* messageFile.json in Resources */,
				3A37BDBE1EF8E5F60040570C /* myFile.json in Resources */,
				3A37BDBD1EF8E5F60040570C /* findFile.json in Resources */,
				3A37BDBC1EF8E5F60040570C /* addressBookFile.json in Resources */,
				3A22F5B41F00B120001D4D31 /* Assets.xcassets in Resources */,
			);
			runOnlyForDeploymentPostprocessing = 0;
		};
/* End PBXResourcesBuildPhase section */

/* Begin PBXShellScriptBuildPhase section */
		1AFC6C9327983FBE9717CAAA /* [CP] Check Pods Manifest.lock */ = {
			isa = PBXShellScriptBuildPhase;
			buildActionMask = 2147483647;
			files = (
			);
			inputPaths = (
			);
			name = "[CP] Check Pods Manifest.lock";
			outputPaths = (
			);
			runOnlyForDeploymentPostprocessing = 0;
			shellPath = /bin/sh;
			shellScript = "diff \"${PODS_ROOT}/../Podfile.lock\" \"${PODS_ROOT}/Manifest.lock\" > /dev/null\nif [ $? != 0 ] ; then\n    # print error to STDERR\n    echo \"error: The sandbox is not in sync with the Podfile.lock. Run 'pod install' or update your CocoaPods installation.\" >&2\n    exit 1\nfi\n";
			showEnvVarsInLog = 0;
		};
		6FBEBA6E8565F72853D9360D /* [CP] Copy Pods Resources */ = {
			isa = PBXShellScriptBuildPhase;
			buildActionMask = 2147483647;
			files = (
			);
			inputPaths = (
			);
			name = "[CP] Copy Pods Resources";
			outputPaths = (
			);
			runOnlyForDeploymentPostprocessing = 0;
			shellPath = /bin/sh;
			shellScript = "\"${SRCROOT}/Pods/Target Support Files/Pods-myComprehensiveApplication/Pods-myComprehensiveApplication-resources.sh\"\n";
			showEnvVarsInLog = 0;
		};
		DF6EFE89E96B4D35445CD972 /* [CP] Embed Pods Frameworks */ = {
			isa = PBXShellScriptBuildPhase;
			buildActionMask = 2147483647;
			files = (
			);
			inputPaths = (
			);
			name = "[CP] Embed Pods Frameworks";
			outputPaths = (
			);
			runOnlyForDeploymentPostprocessing = 0;
			shellPath = /bin/sh;
			shellScript = "\"${SRCROOT}/Pods/Target Support Files/Pods-myComprehensiveApplication/Pods-myComprehensiveApplication-frameworks.sh\"\n";
			showEnvVarsInLog = 0;
		};
/* End PBXShellScriptBuildPhase section */

/* Begin PBXSourcesBuildPhase section */
		3A3390A11EF2191600764EC5 /* Sources */ = {
			isa = PBXSourcesBuildPhase;
			buildActionMask = 2147483647;
			files = (
				3A73F7871EF3A138000FA8C8 /* addressBookViewModel.m in Sources */,
				3A6D2A831EF9FB9100B77362 /* NSArray+ADNSArray.m in Sources */,
				3A73F7A41EF3A48D000FA8C8 /* LSBaseTableView.m in Sources */,
				3A73F7B31EF3B1DB000FA8C8 /* BaseViewModel.m in Sources */,
				206DA0A7202191AF0082839F /* CAmessageViewController.m in Sources */,
				3A73F7AD1EF3A933000FA8C8 /* LSFindCellModelind.m in Sources */,
				3A73F7971EF3A235000FA8C8 /* LSAddressBookCell.m in Sources */,
				3A73F78D1EF3A154000FA8C8 /* myViewModel.m in Sources */,
				206DA0A9202191AF0082839F /* CAmyViewController.m in Sources */,
				206DA0AC202191AF0082839F /* CAaddressBookViewController.m in Sources */,
				206DA0AB202191AF0082839F /* CADetailViewController.m in Sources */,
				3A37BDC11EF8ED570040570C /* helper.m in Sources */,
				3A73F7911EF3A1D5000FA8C8 /* LSMessageCell.m in Sources */,
				3A37BDB41EF8C7880040570C /* LSMyListCell.m in Sources */,
				3A73F7841EF3A119000FA8C8 /* messageViewModel.m in Sources */,
				3A73F7AA1EF3A924000FA8C8 /* LSAddressBookCellModel.m in Sources */,
				3A73F7941EF3A1FC000FA8C8 /* LSBaseCell.m in Sources */,
				3A73F79A1EF3A246000FA8C8 /* LSFindCell.m in Sources */,
				3A73F7A71EF3A90E000FA8C8 /* LSMessageCellModel.m in Sources */,
				3A3C975D1EFCE271003D3D4D /* LSFindSliderView.m in Sources */,
				3A3C97601EFCE29E003D3D4D /* LSFindSelectedView.m in Sources */,
				3A73F7B01EF3A941000FA8C8 /* LSMyCellModely.m in Sources */,
				3A3390AD1EF2191600764EC5 /* AppDelegate.m in Sources */,
				3A3390AA1EF2191600764EC5 /* main.m in Sources */,
				206DA0A8202191AF0082839F /* myDetailViewController.m in Sources */,
				3A73F7B61EF3BA34000FA8C8 /* LSBaseModel.m in Sources */,
				3A37BDAD1EF8B9330040570C /* account.m in Sources */,
				3A37BDB11EF8C73B0040570C /* LSMyHeadCell.m in Sources */,
				3A6E5F9E1EFB5E190071785B /* LSFindView.m in Sources */,
				206DA0AA202191AF0082839F /* CAfindViewController.m in Sources */,
				3A73F7811EF27A90000FA8C8 /* LStabBarView.m in Sources */,
				3A73F78A1EF3A145000FA8C8 /* findViewModel.m in Sources */,
				206DA0A6202191AF0082839F /* CATabBarController.m in Sources */,
			);
			runOnlyForDeploymentPostprocessing = 0;
		};
/* End PBXSourcesBuildPhase section */

/* Begin XCBuildConfiguration section */
		3A3390BA1EF2191600764EC5 /* Debug */ = {
			isa = XCBuildConfiguration;
			buildSettings = {
				ALWAYS_SEARCH_USER_PATHS = NO;
				CLANG_ANALYZER_NONNULL = YES;
				CLANG_ANALYZER_NUMBER_OBJECT_CONVERSION = YES_AGGRESSIVE;
				CLANG_CXX_LANGUAGE_STANDARD = "gnu++0x";
				CLANG_CXX_LIBRARY = "libc++";
				CLANG_ENABLE_MODULES = YES;
				CLANG_ENABLE_OBJC_ARC = YES;
				CLANG_WARN_BOOL_CONVERSION = YES;
				CLANG_WARN_CONSTANT_CONVERSION = YES;
				CLANG_WARN_DIRECT_OBJC_ISA_USAGE = YES_ERROR;
				CLANG_WARN_DOCUMENTATION_COMMENTS = YES;
				CLANG_WARN_EMPTY_BODY = YES;
				CLANG_WARN_ENUM_CONVERSION = YES;
				CLANG_WARN_INFINITE_RECURSION = YES;
				CLANG_WARN_INT_CONVERSION = YES;
				CLANG_WARN_OBJC_ROOT_CLASS = YES_ERROR;
				CLANG_WARN_SUSPICIOUS_MOVE = YES;
				CLANG_WARN_UNREACHABLE_CODE = YES;
				CLANG_WARN__DUPLICATE_METHOD_MATCH = YES;
				"CODE_SIGN_IDENTITY[sdk=iphoneos*]" = "iPhone Developer";
				COPY_PHASE_STRIP = NO;
				DEBUG_INFORMATION_FORMAT = dwarf;
				ENABLE_STRICT_OBJC_MSGSEND = YES;
				ENABLE_TESTABILITY = YES;
				GCC_C_LANGUAGE_STANDARD = gnu99;
				GCC_DYNAMIC_NO_PIC = NO;
				GCC_NO_COMMON_BLOCKS = YES;
				GCC_OPTIMIZATION_LEVEL = 0;
				GCC_PREPROCESSOR_DEFINITIONS = (
					"DEBUG=1",
					"$(inherited)",
				);
				GCC_WARN_64_TO_32_BIT_CONVERSION = YES;
				GCC_WARN_ABOUT_RETURN_TYPE = YES_ERROR;
				GCC_WARN_UNDECLARED_SELECTOR = YES;
				GCC_WARN_UNINITIALIZED_AUTOS = YES_AGGRESSIVE;
				GCC_WARN_UNUSED_FUNCTION = YES;
				GCC_WARN_UNUSED_VARIABLE = YES;
				IPHONEOS_DEPLOYMENT_TARGET = 10.3;
				MTL_ENABLE_DEBUG_INFO = YES;
				ONLY_ACTIVE_ARCH = YES;
				SDKROOT = iphoneos;
				TARGETED_DEVICE_FAMILY = "1,2";
			};
			name = Debug;
		};
		3A3390BB1EF2191600764EC5 /* Release */ = {
			isa = XCBuildConfiguration;
			buildSettings = {
				ALWAYS_SEARCH_USER_PATHS = NO;
				CLANG_ANALYZER_NONNULL = YES;
				CLANG_ANALYZER_NUMBER_OBJECT_CONVERSION = YES_AGGRESSIVE;
				CLANG_CXX_LANGUAGE_STANDARD = "gnu++0x";
				CLANG_CXX_LIBRARY = "libc++";
				CLANG_ENABLE_MODULES = YES;
				CLANG_ENABLE_OBJC_ARC = YES;
				CLANG_WARN_BOOL_CONVERSION = YES;
				CLANG_WARN_CONSTANT_CONVERSION = YES;
				CLANG_WARN_DIRECT_OBJC_ISA_USAGE = YES_ERROR;
				CLANG_WARN_DOCUMENTATION_COMMENTS = YES;
				CLANG_WARN_EMPTY_BODY = YES;
				CLANG_WARN_ENUM_CONVERSION = YES;
				CLANG_WARN_INFINITE_RECURSION = YES;
				CLANG_WARN_INT_CONVERSION = YES;
				CLANG_WARN_OBJC_ROOT_CLASS = YES_ERROR;
				CLANG_WARN_SUSPICIOUS_MOVE = YES;
				CLANG_WARN_UNREACHABLE_CODE = YES;
				CLANG_WARN__DUPLICATE_METHOD_MATCH = YES;
				"CODE_SIGN_IDENTITY[sdk=iphoneos*]" = "iPhone Developer";
				COPY_PHASE_STRIP = NO;
				DEBUG_INFORMATION_FORMAT = "dwarf-with-dsym";
				ENABLE_NS_ASSERTIONS = NO;
				ENABLE_STRICT_OBJC_MSGSEND = YES;
				GCC_C_LANGUAGE_STANDARD = gnu99;
				GCC_NO_COMMON_BLOCKS = YES;
				GCC_WARN_64_TO_32_BIT_CONVERSION = YES;
				GCC_WARN_ABOUT_RETURN_TYPE = YES_ERROR;
				GCC_WARN_UNDECLARED_SELECTOR = YES;
				GCC_WARN_UNINITIALIZED_AUTOS = YES_AGGRESSIVE;
				GCC_WARN_UNUSED_FUNCTION = YES;
				GCC_WARN_UNUSED_VARIABLE = YES;
				IPHONEOS_DEPLOYMENT_TARGET = 10.3;
				MTL_ENABLE_DEBUG_INFO = NO;
				SDKROOT = iphoneos;
				TARGETED_DEVICE_FAMILY = "1,2";
				VALIDATE_PRODUCT = YES;
			};
			name = Release;
		};
		3A3390BD1EF2191600764EC5 /* Debug */ = {
			isa = XCBuildConfiguration;
			baseConfigurationReference = 8B938AC3AC60A0C8536A8F28 /* Pods-myComprehensiveApplication.debug.xcconfig */;
			buildSettings = {
				ASSETCATALOG_COMPILER_APPICON_NAME = AppIcon;
				CODE_SIGN_IDENTITY = "iPhone Developer: daliangaoxinyuanqu jack family (836H6GUSR9)";
				DEVELOPMENT_TEAM = XQMLDGQF87;
				GCC_PREFIX_HEADER = myComprehensiveApplication/PrefixHeader.pch;
				INFOPLIST_FILE = myComprehensiveApplication/Info.plist;
				IPHONEOS_DEPLOYMENT_TARGET = 9.0;
				LD_RUNPATH_SEARCH_PATHS = "$(inherited) @executable_path/Frameworks";
				PRODUCT_BUNDLE_IDENTIFIER = com.wordsDevelop.www;
				PRODUCT_NAME = "$(TARGET_NAME)";
				PROVISIONING_PROFILE = "77252ec9-477f-4d19-8b61-08834cc99ffe";
				PROVISIONING_PROFILE_SPECIFIER = wordsDevelop;
			};
			name = Debug;
		};
		3A3390BE1EF2191600764EC5 /* Release */ = {
			isa = XCBuildConfiguration;
			baseConfigurationReference = 33F2BD11288DA38846465145 /* Pods-myComprehensiveApplication.release.xcconfig */;
			buildSettings = {
				ASSETCATALOG_COMPILER_APPICON_NAME = AppIcon;
				CODE_SIGN_IDENTITY = "iPhone Developer: daliangaoxinyuanqu jack family (836H6GUSR9)";
				DEVELOPMENT_TEAM = XQMLDGQF87;
				GCC_PREFIX_HEADER = myComprehensiveApplication/PrefixHeader.pch;
				INFOPLIST_FILE = myComprehensiveApplication/Info.plist;
				IPHONEOS_DEPLOYMENT_TARGET = 9.0;
				LD_RUNPATH_SEARCH_PATHS = "$(inherited) @executable_path/Frameworks";
				PRODUCT_BUNDLE_IDENTIFIER = com.wordsDevelop.www;
				PRODUCT_NAME = "$(TARGET_NAME)";
				PROVISIONING_PROFILE = "77252ec9-477f-4d19-8b61-08834cc99ffe";
				PROVISIONING_PROFILE_SPECIFIER = wordsDevelop;
			};
			name = Release;
		};
/* End XCBuildConfiguration section */

/* Begin XCConfigurationList section */
		3A3390A01EF2191600764EC5 /* Build configuration list for PBXProject "myComprehensiveApplication" */ = {
			isa = XCConfigurationList;
			buildConfigurations = (
				3A3390BA1EF2191600764EC5 /* Debug */,
				3A3390BB1EF2191600764EC5 /* Release */,
			);
			defaultConfigurationIsVisible = 0;
			defaultConfigurationName = Release;
		};
		3A3390BC1EF2191600764EC5 /* Build configuration list for PBXNativeTarget "myComprehensiveApplication" */ = {
			isa = XCConfigurationList;
			buildConfigurations = (
				3A3390BD1EF2191600764EC5 /* Debug */,
				3A3390BE1EF2191600764EC5 /* Release */,
			);
			defaultConfigurationIsVisible = 0;
			defaultConfigurationName = Release;
		};
/* End XCConfigurationList section */
	};
	rootObject = 3A33909D1EF2191600764EC5 /* Project object */;
}
